
Microsoft Visual Studio Solution File, Format Version 12.00
# Visual Studio 15
VisualStudioVersion = 15.0.28307.329
MinimumVisualStudioVersion = 10.0.40219.1
Project("{FAE04EC0-301F-11D3-BF4B-00C04F79EFBC}") = "Rehber.BLL", "Rehber.BLL\Rehber.BLL.csproj", "{98195995-B514-4888-9FFA-D54776B672A2}"
EndProject
Project("{FAE04EC0-301F-11D3-BF4B-00C04F79EFBC}") = "Rehber.DAL", "Rehber.DAL\Rehber.DAL.csproj", "{B51957FF-E9BE-4F04-B534-D57A85DB6A8F}"
EndProject
Project("{FAE04EC0-301F-11D3-BF4B-00C04F79EFBC}") = "Rehber.Entities", "Rehber.Entities\Rehber.Entities.csproj", "{9F8ABC6C-3A74-4A8B-9B89-DFD9EA8A7795}"
EndProject
Project("{FAE04EC0-301F-11D3-BF4B-00C04F79EFBC}") = "Rehber.MVC", "Rehber.MVC\Rehber.MVC.csproj", "{F8B0E299-F9B9-4A3F-AFCF-81CB8DA72EA4}"
EndProject
Global
	GlobalSection(SolutionConfigurationPlatforms) = preSolution
		Debug|Any CPU = Debug|Any CPU
		Release|Any CPU = Release|Any CPU
	EndGlobalSection
	GlobalSection(ProjectConfigurationPlatforms) = postSolution
		{98195995-B514-4888-9FFA-D54776B672A2}.Debug|Any CPU.ActiveCfg = Debug|Any CPU
		{98195995-B514-4888-9FFA-D54776B672A2}.Debug|Any CPU.Build.0 = Debug|Any CPU
		{98195995-B514-4888-9FFA-D54776B672A2}.Release|Any CPU.ActiveCfg = Release|Any CPU
		{98195995-B514-4888-9FFA-D54776B672A2}.Release|Any CPU.Build.0 = Release|Any CPU
		{B51957FF-E9BE-4F04-B534-D57A85DB6A8F}.Debug|Any CPU.ActiveCfg = Debug|Any CPU
		{B51957FF-E9BE-4F04-B534-D57A85DB6A8F}.Debug|Any CPU.Build.0 = Debug|Any CPU
		{B51957FF-E9BE-4F04-B534-D57A85DB6A8F}.Release|Any CPU.ActiveCfg = Release|Any CPU
		{B51957FF-E9BE-4F04-B534-D57A85DB6A8F}.Release|Any CPU.Build.0 = Release|Any CPU
		{9F8ABC6C-3A74-4A8B-9B89-DFD9EA8A7795}.Debug|Any CPU.ActiveCfg = Debug|Any CPU
		{9F8ABC6C-3A74-4A8B-9B89-DFD9EA8A7795}.Debug|Any CPU.Build.0 = Debug|Any CPU
		{9F8ABC6C-3A74-4A8B-9B89-DFD9EA8A7795}.Release|Any CPU.ActiveCfg = Release|Any CPU
		{9F8ABC6C-3A74-4A8B-9B89-DFD9EA8A7795}.Release|Any CPU.Build.0 = Release|Any CPU
		{F8B0E299-F9B9-4A3F-AFCF-81CB8DA72EA4}.Debug|Any CPU.ActiveCfg = Debug|Any CPU
		{F8B0E299-F9B9-4A3F-AFCF-81CB8DA72EA4}.Debug|Any CPU.Build.0 = Debug|Any CPU
		{F8B0E299-F9B9-4A3F-AFCF-81CB8DA72EA4}.Release|Any CPU.ActiveCfg = Release|Any CPU
		{F8B0E299-F9B9-4A3F-AFCF-81CB8DA72EA4}.Release|Any CPU.Build.0 = Release|Any CPU
	EndGlobalSection
	GlobalSection(SolutionProperties) = preSolution
		HideSolutionNode = FALSE
	EndGlobalSection
	GlobalSection(ExtensibilityGlobals) = postSolution
		SolutionGuid = {C4B4331B-CA65-4362-A8E2-EB85CB945B8B}
	EndGlobalSection
EndGlobal
